
Microsoft Visual Studio Solution File, Format Version 12.00
# Visual Studio 15
VisualStudioVersion = 15.0.28010.2050
MinimumVisualStudioVersion = 10.0.40219.1
Project("{00D1A9C2-B5F0-4AF3-8072-F6C62B433612}") = "DATABASE_GIT", "DATABASE_GIT\DATABASE_GIT.sqlproj", "{F8B27A6A-80C8-41DC-B615-A3F6943D03A5}"
EndProject
Global
	GlobalSection(SolutionConfigurationPlatforms) = preSolution
		Debug|Any CPU = Debug|Any CPU
		Release|Any CPU = Release|Any CPU
	EndGlobalSection
	GlobalSection(ProjectConfigurationPlatforms) = postSolution
		{F8B27A6A-80C8-41DC-B615-A3F6943D03A5}.Debug|Any CPU.ActiveCfg = Debug|Any CPU
		{F8B27A6A-80C8-41DC-B615-A3F6943D03A5}.Debug|Any CPU.Build.0 = Debug|Any CPU
		{F8B27A6A-80C8-41DC-B615-A3F6943D03A5}.Debug|Any CPU.Deploy.0 = Debug|Any CPU
		{F8B27A6A-80C8-41DC-B615-A3F6943D03A5}.Release|Any CPU.ActiveCfg = Release|Any CPU
		{F8B27A6A-80C8-41DC-B615-A3F6943D03A5}.Release|Any CPU.Build.0 = Release|Any CPU
		{F8B27A6A-80C8-41DC-B615-A3F6943D03A5}.Release|Any CPU.Deploy.0 = Release|Any CPU
	EndGlobalSection
	GlobalSection(SolutionProperties) = preSolution
		HideSolutionNode = FALSE
	EndGlobalSection
	GlobalSection(ExtensibilityGlobals) = postSolution
		SolutionGuid = {87F9001A-4DB6-4A7C-ADC2-A2A383DEA500}
	EndGlobalSection
EndGlobal
